
Microsoft Visual Studio Solution File, Format Version 12.00
# Visual Studio Version 17
VisualStudioVersion = 17.0.31903.59
MinimumVisualStudioVersion = 10.0.40219.1
Project("{2150E333-8FDC-42A3-9474-1A3956D46DE8}") = "src", "src", "{D8C602C4-6ADB-4C3F-B423-407B378C9F7F}"
EndProject
Project("{2150E333-8FDC-42A3-9474-1A3956D46DE8}") = "ApiGateways", "ApiGateways", "{06DF705A-3012-468D-B818-BA48FD16CA47}"
EndProject
Project("{2150E333-8FDC-42A3-9474-1A3956D46DE8}") = "Aggregators", "Aggregators", "{0A7FB4C4-92AA-4293-96FA-E989EE44CB0B}"
EndProject
Project("{2150E333-8FDC-42A3-9474-1A3956D46DE8}") = "ImageResizerAggregator", "ImageResizerAggregator", "{4CA5FD42-89EE-40E7-9825-8A27DAB7F20F}"
EndProject
Project("{FAE04EC0-301F-11D3-BF4B-00C04F79EFBC}") = "Imager.ImageResizerAggregator.Contracts", "src\ApiGateways\Aggregators\ImageResizerAggregator\Imager.ImageResizerAggregator.Contracts\Imager.ImageResizerAggregator.Contracts.csproj", "{66F4D880-1FD6-4ED8-A9A0-2B18599181AA}"
EndProject
Project("{FAE04EC0-301F-11D3-BF4B-00C04F79EFBC}") = "Imager.ImageResizerAggregator.Server", "src\ApiGateways\Aggregators\ImageResizerAggregator\Imager.ImageResizerAggregator.Server\Imager.ImageResizerAggregator.Server.csproj", "{44D11DC5-58FA-445C-9CA9-00E16014AF5F}"
EndProject
Project("{2150E333-8FDC-42A3-9474-1A3956D46DE8}") = "Services", "Services", "{B567D252-FC8B-4DA3-9831-809EDE8C734B}"
EndProject
Project("{2150E333-8FDC-42A3-9474-1A3956D46DE8}") = "ImageResizerService", "ImageResizerService", "{DAAB519E-145B-4579-AC27-961C26FAF8B5}"
EndProject
Project("{FAE04EC0-301F-11D3-BF4B-00C04F79EFBC}") = "Imager.ImageResizerService.Contracts", "src\Services\ImageResizerService\Imager.ImageResizerService.Contracts\Imager.ImageResizerService.Contracts.csproj", "{03FDFD91-227E-4D5B-81D7-705CBF498840}"
EndProject
Project("{FAE04EC0-301F-11D3-BF4B-00C04F79EFBC}") = "Imager.ImageResizerService.Core", "src\Services\ImageResizerService\Imager.ImageResizerService.Core\Imager.ImageResizerService.Core.csproj", "{6A9E931E-05AA-425C-913A-A3DFC1ADA0DD}"
EndProject
Project("{FAE04EC0-301F-11D3-BF4B-00C04F79EFBC}") = "Imager.ImageResizerService.Server", "src\Services\ImageResizerService\Imager.ImageResizerService.Server\Imager.ImageResizerService.Server.csproj", "{D5D613AA-04AF-486A-9D44-737CC4589A46}"
EndProject
Project("{2150E333-8FDC-42A3-9474-1A3956D46DE8}") = "ImageStoreService", "ImageStoreService", "{F1B83DA7-EC74-4DD9-A674-7A12EB5C097A}"
EndProject
Project("{FAE04EC0-301F-11D3-BF4B-00C04F79EFBC}") = "Imager.ImageStoreService.Contracts", "src\Services\ImageStoreService\Imager.ImageStoreService.Contracts\Imager.ImageStoreService.Contracts.csproj", "{89ECD4D0-812B-45F2-84D6-AB7B1726AEA5}"
EndProject
Project("{FAE04EC0-301F-11D3-BF4B-00C04F79EFBC}") = "Imager.ImageStoreService.Core", "src\Services\ImageStoreService\Imager.ImageStoreService.Core\Imager.ImageStoreService.Core.csproj", "{8736A3D3-A769-4216-83C9-6CC805B012AD}"
EndProject
Project("{FAE04EC0-301F-11D3-BF4B-00C04F79EFBC}") = "Imager.ImageStoreService.Server", "src\Services\ImageStoreService\Imager.ImageStoreService.Server\Imager.ImageStoreService.Server.csproj", "{1985314A-052C-4068-95A4-A8B0653C9179}"
EndProject
Project("{2150E333-8FDC-42A3-9474-1A3956D46DE8}") = "Web", "Web", "{43044B48-0793-4DC2-BE03-785A76524317}"
EndProject
Project("{FAE04EC0-301F-11D3-BF4B-00C04F79EFBC}") = "WebBlazor", "src\Web\WebBlazor\WebBlazor.csproj", "{B9D48D69-518E-40BF-9087-1AF831F25661}"
EndProject
Global
	GlobalSection(SolutionConfigurationPlatforms) = preSolution
		Debug|Any CPU = Debug|Any CPU
		Release|Any CPU = Release|Any CPU
	EndGlobalSection
	GlobalSection(SolutionProperties) = preSolution
		HideSolutionNode = FALSE
	EndGlobalSection
	GlobalSection(ProjectConfigurationPlatforms) = postSolution
		{66F4D880-1FD6-4ED8-A9A0-2B18599181AA}.Debug|Any CPU.ActiveCfg = Debug|Any CPU
		{66F4D880-1FD6-4ED8-A9A0-2B18599181AA}.Debug|Any CPU.Build.0 = Debug|Any CPU
		{66F4D880-1FD6-4ED8-A9A0-2B18599181AA}.Release|Any CPU.ActiveCfg = Release|Any CPU
		{66F4D880-1FD6-4ED8-A9A0-2B18599181AA}.Release|Any CPU.Build.0 = Release|Any CPU
		{44D11DC5-58FA-445C-9CA9-00E16014AF5F}.Debug|Any CPU.ActiveCfg = Debug|Any CPU
		{44D11DC5-58FA-445C-9CA9-00E16014AF5F}.Debug|Any CPU.Build.0 = Debug|Any CPU
		{44D11DC5-58FA-445C-9CA9-00E16014AF5F}.Release|Any CPU.ActiveCfg = Release|Any CPU
		{44D11DC5-58FA-445C-9CA9-00E16014AF5F}.Release|Any CPU.Build.0 = Release|Any CPU
		{03FDFD91-227E-4D5B-81D7-705CBF498840}.Debug|Any CPU.ActiveCfg = Debug|Any CPU
		{03FDFD91-227E-4D5B-81D7-705CBF498840}.Debug|Any CPU.Build.0 = Debug|Any CPU
		{03FDFD91-227E-4D5B-81D7-705CBF498840}.Release|Any CPU.ActiveCfg = Release|Any CPU
		{03FDFD91-227E-4D5B-81D7-705CBF498840}.Release|Any CPU.Build.0 = Release|Any CPU
		{6A9E931E-05AA-425C-913A-A3DFC1ADA0DD}.Debug|Any CPU.ActiveCfg = Debug|Any CPU
		{6A9E931E-05AA-425C-913A-A3DFC1ADA0DD}.Debug|Any CPU.Build.0 = Debug|Any CPU
		{6A9E931E-05AA-425C-913A-A3DFC1ADA0DD}.Release|Any CPU.ActiveCfg = Release|Any CPU
		{6A9E931E-05AA-425C-913A-A3DFC1ADA0DD}.Release|Any CPU.Build.0 = Release|Any CPU
		{D5D613AA-04AF-486A-9D44-737CC4589A46}.Debug|Any CPU.ActiveCfg = Debug|Any CPU
		{D5D613AA-04AF-486A-9D44-737CC4589A46}.Debug|Any CPU.Build.0 = Debug|Any CPU
		{D5D613AA-04AF-486A-9D44-737CC4589A46}.Release|Any CPU.ActiveCfg = Release|Any CPU
		{D5D613AA-04AF-486A-9D44-737CC4589A46}.Release|Any CPU.Build.0 = Release|Any CPU
		{89ECD4D0-812B-45F2-84D6-AB7B1726AEA5}.Debug|Any CPU.ActiveCfg = Debug|Any CPU
		{89ECD4D0-812B-45F2-84D6-AB7B1726AEA5}.Debug|Any CPU.Build.0 = Debug|Any CPU
		{89ECD4D0-812B-45F2-84D6-AB7B1726AEA5}.Release|Any CPU.ActiveCfg = Release|Any CPU
		{89ECD4D0-812B-45F2-84D6-AB7B1726AEA5}.Release|Any CPU.Build.0 = Release|Any CPU
		{8736A3D3-A769-4216-83C9-6CC805B012AD}.Debug|Any CPU.ActiveCfg = Debug|Any CPU
		{8736A3D3-A769-4216-83C9-6CC805B012AD}.Debug|Any CPU.Build.0 = Debug|Any CPU
		{8736A3D3-A769-4216-83C9-6CC805B012AD}.Release|Any CPU.ActiveCfg = Release|Any CPU
		{8736A3D3-A769-4216-83C9-6CC805B012AD}.Release|Any CPU.Build.0 = Release|Any CPU
		{1985314A-052C-4068-95A4-A8B0653C9179}.Debug|Any CPU.ActiveCfg = Debug|Any CPU
		{1985314A-052C-4068-95A4-A8B0653C9179}.Debug|Any CPU.Build.0 = Debug|Any CPU
		{1985314A-052C-4068-95A4-A8B0653C9179}.Release|Any CPU.ActiveCfg = Release|Any CPU
		{1985314A-052C-4068-95A4-A8B0653C9179}.Release|Any CPU.Build.0 = Release|Any CPU
		{B9D48D69-518E-40BF-9087-1AF831F25661}.Debug|Any CPU.ActiveCfg = Debug|Any CPU
		{B9D48D69-518E-40BF-9087-1AF831F25661}.Debug|Any CPU.Build.0 = Debug|Any CPU
		{B9D48D69-518E-40BF-9087-1AF831F25661}.Release|Any CPU.ActiveCfg = Release|Any CPU
		{B9D48D69-518E-40BF-9087-1AF831F25661}.Release|Any CPU.Build.0 = Release|Any CPU
	EndGlobalSection
	GlobalSection(NestedProjects) = preSolution
		{06DF705A-3012-468D-B818-BA48FD16CA47} = {D8C602C4-6ADB-4C3F-B423-407B378C9F7F}
		{0A7FB4C4-92AA-4293-96FA-E989EE44CB0B} = {06DF705A-3012-468D-B818-BA48FD16CA47}
		{4CA5FD42-89EE-40E7-9825-8A27DAB7F20F} = {0A7FB4C4-92AA-4293-96FA-E989EE44CB0B}
		{66F4D880-1FD6-4ED8-A9A0-2B18599181AA} = {4CA5FD42-89EE-40E7-9825-8A27DAB7F20F}
		{44D11DC5-58FA-445C-9CA9-00E16014AF5F} = {4CA5FD42-89EE-40E7-9825-8A27DAB7F20F}
		{B567D252-FC8B-4DA3-9831-809EDE8C734B} = {D8C602C4-6ADB-4C3F-B423-407B378C9F7F}
		{DAAB519E-145B-4579-AC27-961C26FAF8B5} = {B567D252-FC8B-4DA3-9831-809EDE8C734B}
		{03FDFD91-227E-4D5B-81D7-705CBF498840} = {DAAB519E-145B-4579-AC27-961C26FAF8B5}
		{6A9E931E-05AA-425C-913A-A3DFC1ADA0DD} = {DAAB519E-145B-4579-AC27-961C26FAF8B5}
		{D5D613AA-04AF-486A-9D44-737CC4589A46} = {DAAB519E-145B-4579-AC27-961C26FAF8B5}
		{F1B83DA7-EC74-4DD9-A674-7A12EB5C097A} = {B567D252-FC8B-4DA3-9831-809EDE8C734B}
		{89ECD4D0-812B-45F2-84D6-AB7B1726AEA5} = {F1B83DA7-EC74-4DD9-A674-7A12EB5C097A}
		{8736A3D3-A769-4216-83C9-6CC805B012AD} = {F1B83DA7-EC74-4DD9-A674-7A12EB5C097A}
		{1985314A-052C-4068-95A4-A8B0653C9179} = {F1B83DA7-EC74-4DD9-A674-7A12EB5C097A}
		{43044B48-0793-4DC2-BE03-785A76524317} = {D8C602C4-6ADB-4C3F-B423-407B378C9F7F}
		{B9D48D69-518E-40BF-9087-1AF831F25661} = {43044B48-0793-4DC2-BE03-785A76524317}
	EndGlobalSection
EndGlobal
